
Microsoft Visual Studio Solution File, Format Version 12.00
# Visual Studio Version 17
VisualStudioVersion = 17.5.33530.505
MinimumVisualStudioVersion = 10.0.40219.1
Project("{FAE04EC0-301F-11D3-BF4B-00C04F79EFBC}") = "WpfApp1пр2", "WpfApp1пр2.csproj", "{8CC81F24-23FF-4FAA-B6A1-96B18364068F}"
EndProject
Global
	GlobalSection(SolutionConfigurationPlatforms) = preSolution
		Debug|Any CPU = Debug|Any CPU
		Release|Any CPU = Release|Any CPU
	EndGlobalSection
	GlobalSection(ProjectConfigurationPlatforms) = postSolution
		{8CC81F24-23FF-4FAA-B6A1-96B18364068F}.Debug|Any CPU.ActiveCfg = Debug|Any CPU
		{8CC81F24-23FF-4FAA-B6A1-96B18364068F}.Debug|Any CPU.Build.0 = Debug|Any CPU
		{8CC81F24-23FF-4FAA-B6A1-96B18364068F}.Release|Any CPU.ActiveCfg = Release|Any CPU
		{8CC81F24-23FF-4FAA-B6A1-96B18364068F}.Release|Any CPU.Build.0 = Release|Any CPU
	EndGlobalSection
	GlobalSection(SolutionProperties) = preSolution
		HideSolutionNode = FALSE
	EndGlobalSection
	GlobalSection(ExtensibilityGlobals) = postSolution
		SolutionGuid = {C9B06A2B-D1DB-4653-9F24-4A7026D46428}
	EndGlobalSection
EndGlobal
